
Microsoft Visual Studio Solution File, Format Version 12.00
# Visual Studio 14
VisualStudioVersion = 14.0.24720.0
MinimumVisualStudioVersion = 10.0.40219.1
Project("{FAE04EC0-301F-11D3-BF4B-00C04F79EFBC}") = "HaloOnline.Research.Sandbox", "HaloOnline.Research.Sandbox\HaloOnline.Research.Sandbox.csproj", "{AC53B2A5-2443-4129-91DD-5516270B852B}"
EndProject
Project("{FAE04EC0-301F-11D3-BF4B-00C04F79EFBC}") = "HaloOnline.Research.Core", "HaloOnline.Research.Core\HaloOnline.Research.Core.csproj", "{02E93C37-4CD3-4F21-90A7-5D2809107A3C}"
EndProject
Project("{FAE04EC0-301F-11D3-BF4B-00C04F79EFBC}") = "HaloOnline.Research.Scanner", "HaloOnline.Research.Scanner\HaloOnline.Research.Scanner.csproj", "{54B1CB0A-672C-4447-928E-8DB027E3C8DD}"
	ProjectSection(ProjectDependencies) = postProject
		{02E93C37-4CD3-4F21-90A7-5D2809107A3C} = {02E93C37-4CD3-4F21-90A7-5D2809107A3C}
	EndProjectSection
EndProject
Project("{FAE04EC0-301F-11D3-BF4B-00C04F79EFBC}") = "HaloOnline.Research.Tests", "HaloOnline.Research.Tests\HaloOnline.Research.Tests.csproj", "{1982DD44-9DBC-469B-9479-6C7DB69B6137}"
	ProjectSection(ProjectDependencies) = postProject
		{02E93C37-4CD3-4F21-90A7-5D2809107A3C} = {02E93C37-4CD3-4F21-90A7-5D2809107A3C}
	EndProjectSection
EndProject
Project("{8BC9CEB8-8B4A-11D0-8D11-00A0C91BC942}") = "HaloOnline.Research.GameExtension", "HaloOnline.Research.GameExtension\HaloOnline.Research.GameExtension.vcxproj", "{6CE93345-6264-4DB6-8BCB-59695E986634}"
EndProject
Project("{FAE04EC0-301F-11D3-BF4B-00C04F79EFBC}") = "HaloOnline.Research.Launcher", "HaloOnline.Research.Launcher\HaloOnline.Research.Launcher.csproj", "{93F9426C-ECEF-4E99-88FD-4A591DA78398}"
	ProjectSection(ProjectDependencies) = postProject
		{6CE93345-6264-4DB6-8BCB-59695E986634} = {6CE93345-6264-4DB6-8BCB-59695E986634}
	EndProjectSection
EndProject
Global
	GlobalSection(SolutionConfigurationPlatforms) = preSolution
		Debug|Any CPU = Debug|Any CPU
		Debug|x64 = Debug|x64
		Debug|x86 = Debug|x86
		Release|Any CPU = Release|Any CPU
		Release|x64 = Release|x64
		Release|x86 = Release|x86
	EndGlobalSection
	GlobalSection(ProjectConfigurationPlatforms) = postSolution
		{AC53B2A5-2443-4129-91DD-5516270B852B}.Debug|Any CPU.ActiveCfg = Debug|Any CPU
		{AC53B2A5-2443-4129-91DD-5516270B852B}.Debug|Any CPU.Build.0 = Debug|Any CPU
		{AC53B2A5-2443-4129-91DD-5516270B852B}.Debug|x64.ActiveCfg = Debug|Any CPU
		{AC53B2A5-2443-4129-91DD-5516270B852B}.Debug|x64.Build.0 = Debug|Any CPU
		{AC53B2A5-2443-4129-91DD-5516270B852B}.Debug|x86.ActiveCfg = Debug|Any CPU
		{AC53B2A5-2443-4129-91DD-5516270B852B}.Debug|x86.Build.0 = Debug|Any CPU
		{AC53B2A5-2443-4129-91DD-5516270B852B}.Release|Any CPU.ActiveCfg = Release|Any CPU
		{AC53B2A5-2443-4129-91DD-5516270B852B}.Release|Any CPU.Build.0 = Release|Any CPU
		{AC53B2A5-2443-4129-91DD-5516270B852B}.Release|x64.ActiveCfg = Release|Any CPU
		{AC53B2A5-2443-4129-91DD-5516270B852B}.Release|x64.Build.0 = Release|Any CPU
		{AC53B2A5-2443-4129-91DD-5516270B852B}.Release|x86.ActiveCfg = Release|Any CPU
		{AC53B2A5-2443-4129-91DD-5516270B852B}.Release|x86.Build.0 = Release|Any CPU
		{02E93C37-4CD3-4F21-90A7-5D2809107A3C}.Debug|Any CPU.ActiveCfg = Debug|Any CPU
		{02E93C37-4CD3-4F21-90A7-5D2809107A3C}.Debug|Any CPU.Build.0 = Debug|Any CPU
		{02E93C37-4CD3-4F21-90A7-5D2809107A3C}.Debug|x64.ActiveCfg = Debug|Any CPU
		{02E93C37-4CD3-4F21-90A7-5D2809107A3C}.Debug|x64.Build.0 = Debug|Any CPU
		{02E93C37-4CD3-4F21-90A7-5D2809107A3C}.Debug|x86.ActiveCfg = Debug|Any CPU
		{02E93C37-4CD3-4F21-90A7-5D2809107A3C}.Debug|x86.Build.0 = Debug|Any CPU
		{02E93C37-4CD3-4F21-90A7-5D2809107A3C}.Release|Any CPU.ActiveCfg = Release|Any CPU
		{02E93C37-4CD3-4F21-90A7-5D2809107A3C}.Release|Any CPU.Build.0 = Release|Any CPU
		{02E93C37-4CD3-4F21-90A7-5D2809107A3C}.Release|x64.ActiveCfg = Release|Any CPU
		{02E93C37-4CD3-4F21-90A7-5D2809107A3C}.Release|x64.Build.0 = Release|Any CPU
		{02E93C37-4CD3-4F21-90A7-5D2809107A3C}.Release|x86.ActiveCfg = Release|Any CPU
		{02E93C37-4CD3-4F21-90A7-5D2809107A3C}.Release|x86.Build.0 = Release|Any CPU
		{54B1CB0A-672C-4447-928E-8DB027E3C8DD}.Debug|Any CPU.ActiveCfg = Debug|Any CPU
		{54B1CB0A-672C-4447-928E-8DB027E3C8DD}.Debug|Any CPU.Build.0 = Debug|Any CPU
		{54B1CB0A-672C-4447-928E-8DB027E3C8DD}.Debug|x64.ActiveCfg = Debug|Any CPU
		{54B1CB0A-672C-4447-928E-8DB027E3C8DD}.Debug|x64.Build.0 = Debug|Any CPU
		{54B1CB0A-672C-4447-928E-8DB027E3C8DD}.Debug|x86.ActiveCfg = Debug|Any CPU
		{54B1CB0A-672C-4447-928E-8DB027E3C8DD}.Debug|x86.Build.0 = Debug|Any CPU
		{54B1CB0A-672C-4447-928E-8DB027E3C8DD}.Release|Any CPU.ActiveCfg = Release|Any CPU
		{54B1CB0A-672C-4447-928E-8DB027E3C8DD}.Release|Any CPU.Build.0 = Release|Any CPU
		{54B1CB0A-672C-4447-928E-8DB027E3C8DD}.Release|x64.ActiveCfg = Release|Any CPU
		{54B1CB0A-672C-4447-928E-8DB027E3C8DD}.Release|x64.Build.0 = Release|Any CPU
		{54B1CB0A-672C-4447-928E-8DB027E3C8DD}.Release|x86.ActiveCfg = Release|Any CPU
		{54B1CB0A-672C-4447-928E-8DB027E3C8DD}.Release|x86.Build.0 = Release|Any CPU
		{1982DD44-9DBC-469B-9479-6C7DB69B6137}.Debug|Any CPU.ActiveCfg = Debug|Any CPU
		{1982DD44-9DBC-469B-9479-6C7DB69B6137}.Debug|Any CPU.Build.0 = Debug|Any CPU
		{1982DD44-9DBC-469B-9479-6C7DB69B6137}.Debug|x64.ActiveCfg = Debug|Any CPU
		{1982DD44-9DBC-469B-9479-6C7DB69B6137}.Debug|x64.Build.0 = Debug|Any CPU
		{1982DD44-9DBC-469B-9479-6C7DB69B6137}.Debug|x86.ActiveCfg = Debug|Any CPU
		{1982DD44-9DBC-469B-9479-6C7DB69B6137}.Debug|x86.Build.0 = Debug|Any CPU
		{1982DD44-9DBC-469B-9479-6C7DB69B6137}.Release|Any CPU.ActiveCfg = Release|Any CPU
		{1982DD44-9DBC-469B-9479-6C7DB69B6137}.Release|Any CPU.Build.0 = Release|Any CPU
		{1982DD44-9DBC-469B-9479-6C7DB69B6137}.Release|x64.ActiveCfg = Release|Any CPU
		{1982DD44-9DBC-469B-9479-6C7DB69B6137}.Release|x64.Build.0 = Release|Any CPU
		{1982DD44-9DBC-469B-9479-6C7DB69B6137}.Release|x86.ActiveCfg = Release|Any CPU
		{1982DD44-9DBC-469B-9479-6C7DB69B6137}.Release|x86.Build.0 = Release|Any CPU
		{6CE93345-6264-4DB6-8BCB-59695E986634}.Debug|Any CPU.ActiveCfg = Debug|Win32
		{6CE93345-6264-4DB6-8BCB-59695E986634}.Debug|x64.ActiveCfg = Debug|x64
		{6CE93345-6264-4DB6-8BCB-59695E986634}.Debug|x64.Build.0 = Debug|x64
		{6CE93345-6264-4DB6-8BCB-59695E986634}.Debug|x86.ActiveCfg = Debug|Win32
		{6CE93345-6264-4DB6-8BCB-59695E986634}.Debug|x86.Build.0 = Debug|Win32
		{6CE93345-6264-4DB6-8BCB-59695E986634}.Release|Any CPU.ActiveCfg = Release|Win32
		{6CE93345-6264-4DB6-8BCB-59695E986634}.Release|x64.ActiveCfg = Release|x64
		{6CE93345-6264-4DB6-8BCB-59695E986634}.Release|x64.Build.0 = Release|x64
		{6CE93345-6264-4DB6-8BCB-59695E986634}.Release|x86.ActiveCfg = Release|Win32
		{6CE93345-6264-4DB6-8BCB-59695E986634}.Release|x86.Build.0 = Release|Win32
		{93F9426C-ECEF-4E99-88FD-4A591DA78398}.Debug|Any CPU.ActiveCfg = Debug|Any CPU
		{93F9426C-ECEF-4E99-88FD-4A591DA78398}.Debug|Any CPU.Build.0 = Debug|Any CPU
		{93F9426C-ECEF-4E99-88FD-4A591DA78398}.Debug|x64.ActiveCfg = Debug|Any CPU
		{93F9426C-ECEF-4E99-88FD-4A591DA78398}.Debug|x64.Build.0 = Debug|Any CPU
		{93F9426C-ECEF-4E99-88FD-4A591DA78398}.Debug|x86.ActiveCfg = Debug|Any CPU
		{93F9426C-ECEF-4E99-88FD-4A591DA78398}.Debug|x86.Build.0 = Debug|Any CPU
		{93F9426C-ECEF-4E99-88FD-4A591DA78398}.Release|Any CPU.ActiveCfg = Release|Any CPU
		{93F9426C-ECEF-4E99-88FD-4A591DA78398}.Release|Any CPU.Build.0 = Release|Any CPU
		{93F9426C-ECEF-4E99-88FD-4A591DA78398}.Release|x64.ActiveCfg = Release|Any CPU
		{93F9426C-ECEF-4E99-88FD-4A591DA78398}.Release|x64.Build.0 = Release|Any CPU
		{93F9426C-ECEF-4E99-88FD-4A591DA78398}.Release|x86.ActiveCfg = Release|Any CPU
		{93F9426C-ECEF-4E99-88FD-4A591DA78398}.Release|x86.Build.0 = Release|Any CPU
	EndGlobalSection
	GlobalSection(SolutionProperties) = preSolution
		HideSolutionNode = FALSE
	EndGlobalSection
EndGlobal
